<Solution>
  <Folder Name="/src/">
    <Project Path="src/InventorySystem.Api/InventorySystem.Api.csproj" />
    <Project Path="src/InventorySystem.Application/InventorySystem.Application.csproj" />
    <Project Path="src/InventorySystem.Domain/InventorySystem.Domain.csproj" />
    <Project Path="src/InventorySystem.Infrastructure/InventorySystem.Infrastructure.csproj" />
  </Folder>
  <Folder Name="/tests/">
    <Project Path="tests/InventorySystem.UnitTests/InventorySystem.UnitTests.csproj" />
  </Folder>
</Solution>
